<Solution>
  <Folder Name="/src/">
    <Project Path="src/Chevrere.Api/Chevrere.Api.csproj" />
  </Folder>
  <Folder Name="/src/BuildingBlocks/">
    <Project Path="src/BuildingBlocks/Chevrere.Infrastructure/Chevrere.Infrastructure.csproj" />
    <Project Path="src/BuildingBlocks/Chevrere.SharedKernel/Chevrere.SharedKernel.csproj" />
  </Folder>
  <Folder Name="/src/Modules/" />
  <Folder Name="/src/Modules/Catalog/">
    <Project Path="src/Modules/Catalog/Chevrere.Modules.Catalog.Application/Chevrere.Modules.Catalog.Application.csproj" />
    <Project Path="src/Modules/Catalog/Chevrere.Modules.Catalog.Domain/Chevrere.Modules.Catalog.Domain.csproj" />
    <Project Path="src/Modules/Catalog/Chevrere.Modules.Catalog.Infrastructure/Chevrere.Modules.Catalog.Infrastructure.csproj" />
  </Folder>
  <Folder Name="/src/Modules/Consumer/">
    <Project Path="src/Modules/Consumer/Chevrere.Modules.Consumer.Application/Chevrere.Modules.Consumer.Application.csproj" />
    <Project Path="src/Modules/Consumer/Chevrere.Modules.Consumer.Domain/Chevrere.Modules.Consumer.Domain.csproj" />
    <Project Path="src/Modules/Consumer/Chevrere.Modules.Consumer.Infrastructure/Chevrere.Modules.Consumer.Infrastructure.csproj" />
  </Folder>
  <Folder Name="/src/Modules/Orders/">
    <Project Path="src/Modules/Orders/Chevrere.Modules.Orders.Application/Chevrere.Modules.Orders.Application.csproj" />
    <Project Path="src/Modules/Orders/Chevrere.Modules.Orders.Domain/Chevrere.Modules.Orders.Domain.csproj" />
    <Project Path="src/Modules/Orders/Chevrere.Modules.Orders.Infrastructure/Chevrere.Modules.Orders.Infrastructure.csproj" />
  </Folder>
  <Folder Name="/src/Modules/Pricing/">
    <Project Path="src/Modules/Pricing/Chevrere.Modules.Pricing.Application/Chevrere.Modules.Pricing.Application.csproj" />
    <Project Path="src/Modules/Pricing/Chevrere.Modules.Pricing.Domain/Chevrere.Modules.Pricing.Domain.csproj" />
    <Project Path="src/Modules/Pricing/Chevrere.Modules.Pricing.Infrastructure/Chevrere.Modules.Pricing.Infrastructure.csproj" />
  </Folder>
  <Folder Name="/src/Modules/Inventory/">
    <Project Path="src/Modules/Inventory/Chevrere.Modules.Inventory.Application/Chevrere.Modules.Inventory.Application.csproj" />
    <Project Path="src/Modules/Inventory/Chevrere.Modules.Inventory.Domain/Chevrere.Modules.Inventory.Domain.csproj" />
    <Project Path="src/Modules/Inventory/Chevrere.Modules.Inventory.Infrastructure/Chevrere.Modules.Inventory.Infrastructure.csproj" />
  </Folder>
  <Folder Name="/src/Modules/Procurement/">
    <Project Path="src/Modules/Procurement/Chevrere.Modules.Procurement.Application/Chevrere.Modules.Procurement.Application.csproj" />
    <Project Path="src/Modules/Procurement/Chevrere.Modules.Procurement.Domain/Chevrere.Modules.Procurement.Domain.csproj" />
    <Project Path="src/Modules/Procurement/Chevrere.Modules.Procurement.Infrastructure/Chevrere.Modules.Procurement.Infrastructure.csproj" />
  </Folder>
  <Folder Name="/src/Modules/Identity/">
    <Project Path="src/Modules/Identity/Chevrere.Modules.Identity.Application/Chevrere.Modules.Identity.Application.csproj" />
    <Project Path="src/Modules/Identity/Chevrere.Modules.Identity.Domain/Chevrere.Modules.Identity.Domain.csproj" />
    <Project Path="src/Modules/Identity/Chevrere.Modules.Identity.Infrastructure/Chevrere.Modules.Identity.Infrastructure.csproj" />
  </Folder>
  <Folder Name="/src/Modules/Subscriptions/">
    <Project Path="src/Modules/Subscriptions/Chevrere.Modules.Subscriptions.Application/Chevrere.Modules.Subscriptions.Application.csproj" />
    <Project Path="src/Modules/Subscriptions/Chevrere.Modules.Subscriptions.Domain/Chevrere.Modules.Subscriptions.Domain.csproj" />
    <Project Path="src/Modules/Subscriptions/Chevrere.Modules.Subscriptions.Infrastructure/Chevrere.Modules.Subscriptions.Infrastructure.csproj" />
  </Folder>
  <Folder Name="/src/Modules/Tenancy/">
    <Project Path="src/Modules/Tenancy/Chevrere.Modules.Tenancy.Application/Chevrere.Modules.Tenancy.Application.csproj" />
    <Project Path="src/Modules/Tenancy/Chevrere.Modules.Tenancy.Domain/Chevrere.Modules.Tenancy.Domain.csproj" />
    <Project Path="src/Modules/Tenancy/Chevrere.Modules.Tenancy.Infrastructure/Chevrere.Modules.Tenancy.Infrastructure.csproj" />
  </Folder>
  <Folder Name="/tests/">
    <Project Path="tests/Chevrere.ArchitectureTests/Chevrere.ArchitectureTests.csproj" />
    <Project Path="tests/Chevrere.IntegrationTests/Chevrere.IntegrationTests.csproj" />
    <Project Path="tests/Chevrere.UnitTests/Chevrere.UnitTests.csproj" />
  </Folder>
</Solution>
